
Microsoft Visual Studio Solution File, Format Version 12.00
# Visual Studio Version 17
VisualStudioVersion = 17.9.34622.214
MinimumVisualStudioVersion = 10.0.40219.1
Project("{FAE04EC0-301F-11D3-BF4B-00C04F79EFBC}") = "Vols", "Vols\Vols.csproj", "{CA056A49-756C-4CF6-9EB4-039063FFD3D3}"
EndProject
Global
	GlobalSection(SolutionConfigurationPlatforms) = preSolution
		Debug|Any CPU = Debug|Any CPU
		Release|Any CPU = Release|Any CPU
	EndGlobalSection
	GlobalSection(ProjectConfigurationPlatforms) = postSolution
		{CA056A49-756C-4CF6-9EB4-039063FFD3D3}.Debug|Any CPU.ActiveCfg = Debug|Any CPU
		{CA056A49-756C-4CF6-9EB4-039063FFD3D3}.Debug|Any CPU.Build.0 = Debug|Any CPU
		{CA056A49-756C-4CF6-9EB4-039063FFD3D3}.Release|Any CPU.ActiveCfg = Release|Any CPU
		{CA056A49-756C-4CF6-9EB4-039063FFD3D3}.Release|Any CPU.Build.0 = Release|Any CPU
	EndGlobalSection
	GlobalSection(SolutionProperties) = preSolution
		HideSolutionNode = FALSE
	EndGlobalSection
	GlobalSection(ExtensibilityGlobals) = postSolution
		SolutionGuid = {A50B3A36-8B78-45A2-BEAA-677EA188E691}
	EndGlobalSection
EndGlobal
